
Microsoft Visual Studio Solution File, Format Version 12.00
# Visual Studio 15
VisualStudioVersion = 15.0.26730.8
MinimumVisualStudioVersion = 10.0.40219.1
Project("{FAE04EC0-301F-11D3-BF4B-00C04F79EFBC}") = "WindowsFormsApp5", "WindowsFormsApp5\WindowsFormsApp5.csproj", "{E58CD0B0-BB8F-4FA7-B655-E47FC32EF3ED}"
EndProject
Project("{54435603-DBB4-11D2-8724-00A0C9A8B90C}") = "Setup", "Setup\Setup.vdproj", "{92C65AAF-EB07-41BE-BD48-A53B89E454D7}"
EndProject
Global
	GlobalSection(SolutionConfigurationPlatforms) = preSolution
		Debug|Any CPU = Debug|Any CPU
		Release|Any CPU = Release|Any CPU
	EndGlobalSection
	GlobalSection(ProjectConfigurationPlatforms) = postSolution
		{E58CD0B0-BB8F-4FA7-B655-E47FC32EF3ED}.Debug|Any CPU.ActiveCfg = Debug|Any CPU
		{E58CD0B0-BB8F-4FA7-B655-E47FC32EF3ED}.Debug|Any CPU.Build.0 = Debug|Any CPU
		{E58CD0B0-BB8F-4FA7-B655-E47FC32EF3ED}.Release|Any CPU.ActiveCfg = Release|Any CPU
		{E58CD0B0-BB8F-4FA7-B655-E47FC32EF3ED}.Release|Any CPU.Build.0 = Release|Any CPU
		{92C65AAF-EB07-41BE-BD48-A53B89E454D7}.Debug|Any CPU.ActiveCfg = Debug
		{92C65AAF-EB07-41BE-BD48-A53B89E454D7}.Release|Any CPU.ActiveCfg = Release
	EndGlobalSection
	GlobalSection(SolutionProperties) = preSolution
		HideSolutionNode = FALSE
	EndGlobalSection
	GlobalSection(ExtensibilityGlobals) = postSolution
		SolutionGuid = {0B593E33-DEEF-4EE4-B2C5-14926B3019BD}
	EndGlobalSection
EndGlobal
